
Microsoft Visual Studio Solution File, Format Version 12.00
# Visual Studio 15
VisualStudioVersion = 15.0.27703.2047
MinimumVisualStudioVersion = 10.0.40219.1
Project("{FAE04EC0-301F-11D3-BF4B-00C04F79EFBC}") = "Proyecto01", "Proyecto01\Proyecto01.csproj", "{9E94239F-400D-4B25-9702-28D04CF90D01}"
EndProject
Project("{FAE04EC0-301F-11D3-BF4B-00C04F79EFBC}") = "Ejercicio_01", "Ejercicio_01\Ejercicio_01.csproj", "{97B541AD-B01C-4EBB-BB79-4D3FD12CEBD7}"
EndProject
Project("{9A19103F-16F7-4668-BE54-9A1E7A4F7556}") = "Clase_02", "Clase_02\Clase_02.csproj", "{91625D64-CABD-4D07-8E54-3A7887122603}"
EndProject
Project("{FAE04EC0-301F-11D3-BF4B-00C04F79EFBC}") = "Ejercicio_17", "Ejercicio_17\Ejercicio_17.csproj", "{BFFBB1A4-450A-4129-9D03-B4089FDA3156}"
EndProject
Project("{FAE04EC0-301F-11D3-BF4B-00C04F79EFBC}") = "Libreria", "Libreria\Libreria.csproj", "{3EE7C0B5-5311-404F-941B-AB0E3C74D85B}"
EndProject
Project("{FAE04EC0-301F-11D3-BF4B-00C04F79EFBC}") = "Clase_04.entidades", "Clase_04.entidades\Clase_04.entidades.csproj", "{4AF34136-7D13-40C0-BE99-E2F360F10028}"
EndProject
Project("{FAE04EC0-301F-11D3-BF4B-00C04F79EFBC}") = "Clase_04", "Clase_04\Clase_04.csproj", "{7FD8AD77-7415-4F28-B6B8-9758874CF024}"
EndProject
Project("{FAE04EC0-301F-11D3-BF4B-00C04F79EFBC}") = "Clase_04.windowsForms", "Clase_04.windowsForms\Clase_04.windowsForms.csproj", "{A51E642D-62EF-40A6-86B4-FBE964E90D23}"
EndProject
Project("{FAE04EC0-301F-11D3-BF4B-00C04F79EFBC}") = "clase_05.entidades", "clase_05.entidades\clase_05.entidades.csproj", "{B5609829-F230-4B6A-9CD2-2BF5EA831302}"
EndProject
Project("{FAE04EC0-301F-11D3-BF4B-00C04F79EFBC}") = "Clase_05.test", "Clase_05.test\Clase_05.test.csproj", "{ED412B4A-60F7-4E3B-AB38-88E6C77A4F9C}"
EndProject
Project("{FAE04EC0-301F-11D3-BF4B-00C04F79EFBC}") = "Clase_06.test", "Clase_06.test\Clase_06.test.csproj", "{A0085A3F-E4D6-456F-9E26-5E036DCDC91B}"
EndProject
Project("{FAE04EC0-301F-11D3-BF4B-00C04F79EFBC}") = "frmPaleta", "frmPaleta\frmPaleta.csproj", "{64C5FE3D-4A0E-47CF-AD8B-90B77758156F}"
EndProject
Project("{FAE04EC0-301F-11D3-BF4B-00C04F79EFBC}") = "Libreria.Vehiculos", "Libreria.Vehiculos\Libreria.Vehiculos.csproj", "{94CF7DD9-FB84-440E-A086-F197FFBE4599}"
EndProject
Project("{FAE04EC0-301F-11D3-BF4B-00C04F79EFBC}") = "Clase_09.test", "Clase_09.test\Clase_09.test.csproj", "{6A2AD1AA-ADAC-41C0-8102-FAB0A19346D2}"
EndProject
Project("{FAE04EC0-301F-11D3-BF4B-00C04F79EFBC}") = "Rosas.Thomas.2ºA", "Rosas.Thomas.2ºA\Rosas.Thomas.2ºA.csproj", "{8C768290-BDF9-4658-BDB7-17AAF1BB6857}"
EndProject
Project("{FAE04EC0-301F-11D3-BF4B-00C04F79EFBC}") = "Entidades.ModeloParcial", "ClassLibrary1\Entidades.ModeloParcial.csproj", "{74CB0DED-04D5-4504-B8AB-29DA7B4B55E2}"
EndProject
Global
	GlobalSection(SolutionConfigurationPlatforms) = preSolution
		Debug|Any CPU = Debug|Any CPU
		Release|Any CPU = Release|Any CPU
	EndGlobalSection
	GlobalSection(ProjectConfigurationPlatforms) = postSolution
		{9E94239F-400D-4B25-9702-28D04CF90D01}.Debug|Any CPU.ActiveCfg = Debug|Any CPU
		{9E94239F-400D-4B25-9702-28D04CF90D01}.Debug|Any CPU.Build.0 = Debug|Any CPU
		{9E94239F-400D-4B25-9702-28D04CF90D01}.Release|Any CPU.ActiveCfg = Release|Any CPU
		{9E94239F-400D-4B25-9702-28D04CF90D01}.Release|Any CPU.Build.0 = Release|Any CPU
		{97B541AD-B01C-4EBB-BB79-4D3FD12CEBD7}.Debug|Any CPU.ActiveCfg = Debug|Any CPU
		{97B541AD-B01C-4EBB-BB79-4D3FD12CEBD7}.Debug|Any CPU.Build.0 = Debug|Any CPU
		{97B541AD-B01C-4EBB-BB79-4D3FD12CEBD7}.Release|Any CPU.ActiveCfg = Release|Any CPU
		{97B541AD-B01C-4EBB-BB79-4D3FD12CEBD7}.Release|Any CPU.Build.0 = Release|Any CPU
		{91625D64-CABD-4D07-8E54-3A7887122603}.Debug|Any CPU.ActiveCfg = Debug|Any CPU
		{91625D64-CABD-4D07-8E54-3A7887122603}.Debug|Any CPU.Build.0 = Debug|Any CPU
		{91625D64-CABD-4D07-8E54-3A7887122603}.Release|Any CPU.ActiveCfg = Release|Any CPU
		{91625D64-CABD-4D07-8E54-3A7887122603}.Release|Any CPU.Build.0 = Release|Any CPU
		{BFFBB1A4-450A-4129-9D03-B4089FDA3156}.Debug|Any CPU.ActiveCfg = Debug|Any CPU
		{BFFBB1A4-450A-4129-9D03-B4089FDA3156}.Debug|Any CPU.Build.0 = Debug|Any CPU
		{BFFBB1A4-450A-4129-9D03-B4089FDA3156}.Release|Any CPU.ActiveCfg = Release|Any CPU
		{BFFBB1A4-450A-4129-9D03-B4089FDA3156}.Release|Any CPU.Build.0 = Release|Any CPU
		{3EE7C0B5-5311-404F-941B-AB0E3C74D85B}.Debug|Any CPU.ActiveCfg = Debug|Any CPU
		{3EE7C0B5-5311-404F-941B-AB0E3C74D85B}.Debug|Any CPU.Build.0 = Debug|Any CPU
		{3EE7C0B5-5311-404F-941B-AB0E3C74D85B}.Release|Any CPU.ActiveCfg = Release|Any CPU
		{3EE7C0B5-5311-404F-941B-AB0E3C74D85B}.Release|Any CPU.Build.0 = Release|Any CPU
		{4AF34136-7D13-40C0-BE99-E2F360F10028}.Debug|Any CPU.ActiveCfg = Debug|Any CPU
		{4AF34136-7D13-40C0-BE99-E2F360F10028}.Debug|Any CPU.Build.0 = Debug|Any CPU
		{4AF34136-7D13-40C0-BE99-E2F360F10028}.Release|Any CPU.ActiveCfg = Release|Any CPU
		{4AF34136-7D13-40C0-BE99-E2F360F10028}.Release|Any CPU.Build.0 = Release|Any CPU
		{7FD8AD77-7415-4F28-B6B8-9758874CF024}.Debug|Any CPU.ActiveCfg = Debug|Any CPU
		{7FD8AD77-7415-4F28-B6B8-9758874CF024}.Debug|Any CPU.Build.0 = Debug|Any CPU
		{7FD8AD77-7415-4F28-B6B8-9758874CF024}.Release|Any CPU.ActiveCfg = Release|Any CPU
		{7FD8AD77-7415-4F28-B6B8-9758874CF024}.Release|Any CPU.Build.0 = Release|Any CPU
		{A51E642D-62EF-40A6-86B4-FBE964E90D23}.Debug|Any CPU.ActiveCfg = Debug|Any CPU
		{A51E642D-62EF-40A6-86B4-FBE964E90D23}.Debug|Any CPU.Build.0 = Debug|Any CPU
		{A51E642D-62EF-40A6-86B4-FBE964E90D23}.Release|Any CPU.ActiveCfg = Release|Any CPU
		{A51E642D-62EF-40A6-86B4-FBE964E90D23}.Release|Any CPU.Build.0 = Release|Any CPU
		{B5609829-F230-4B6A-9CD2-2BF5EA831302}.Debug|Any CPU.ActiveCfg = Debug|Any CPU
		{B5609829-F230-4B6A-9CD2-2BF5EA831302}.Debug|Any CPU.Build.0 = Debug|Any CPU
		{B5609829-F230-4B6A-9CD2-2BF5EA831302}.Release|Any CPU.ActiveCfg = Release|Any CPU
		{B5609829-F230-4B6A-9CD2-2BF5EA831302}.Release|Any CPU.Build.0 = Release|Any CPU
		{ED412B4A-60F7-4E3B-AB38-88E6C77A4F9C}.Debug|Any CPU.ActiveCfg = Debug|Any CPU
		{ED412B4A-60F7-4E3B-AB38-88E6C77A4F9C}.Debug|Any CPU.Build.0 = Debug|Any CPU
		{ED412B4A-60F7-4E3B-AB38-88E6C77A4F9C}.Release|Any CPU.ActiveCfg = Release|Any CPU
		{ED412B4A-60F7-4E3B-AB38-88E6C77A4F9C}.Release|Any CPU.Build.0 = Release|Any CPU
		{A0085A3F-E4D6-456F-9E26-5E036DCDC91B}.Debug|Any CPU.ActiveCfg = Debug|Any CPU
		{A0085A3F-E4D6-456F-9E26-5E036DCDC91B}.Debug|Any CPU.Build.0 = Debug|Any CPU
		{A0085A3F-E4D6-456F-9E26-5E036DCDC91B}.Release|Any CPU.ActiveCfg = Release|Any CPU
		{A0085A3F-E4D6-456F-9E26-5E036DCDC91B}.Release|Any CPU.Build.0 = Release|Any CPU
		{64C5FE3D-4A0E-47CF-AD8B-90B77758156F}.Debug|Any CPU.ActiveCfg = Debug|Any CPU
		{64C5FE3D-4A0E-47CF-AD8B-90B77758156F}.Debug|Any CPU.Build.0 = Debug|Any CPU
		{64C5FE3D-4A0E-47CF-AD8B-90B77758156F}.Release|Any CPU.ActiveCfg = Release|Any CPU
		{64C5FE3D-4A0E-47CF-AD8B-90B77758156F}.Release|Any CPU.Build.0 = Release|Any CPU
		{94CF7DD9-FB84-440E-A086-F197FFBE4599}.Debug|Any CPU.ActiveCfg = Debug|Any CPU
		{94CF7DD9-FB84-440E-A086-F197FFBE4599}.Debug|Any CPU.Build.0 = Debug|Any CPU
		{94CF7DD9-FB84-440E-A086-F197FFBE4599}.Release|Any CPU.ActiveCfg = Release|Any CPU
		{94CF7DD9-FB84-440E-A086-F197FFBE4599}.Release|Any CPU.Build.0 = Release|Any CPU
		{6A2AD1AA-ADAC-41C0-8102-FAB0A19346D2}.Debug|Any CPU.ActiveCfg = Debug|Any CPU
		{6A2AD1AA-ADAC-41C0-8102-FAB0A19346D2}.Debug|Any CPU.Build.0 = Debug|Any CPU
		{6A2AD1AA-ADAC-41C0-8102-FAB0A19346D2}.Release|Any CPU.ActiveCfg = Release|Any CPU
		{6A2AD1AA-ADAC-41C0-8102-FAB0A19346D2}.Release|Any CPU.Build.0 = Release|Any CPU
		{8C768290-BDF9-4658-BDB7-17AAF1BB6857}.Debug|Any CPU.ActiveCfg = Debug|Any CPU
		{8C768290-BDF9-4658-BDB7-17AAF1BB6857}.Debug|Any CPU.Build.0 = Debug|Any CPU
		{8C768290-BDF9-4658-BDB7-17AAF1BB6857}.Release|Any CPU.ActiveCfg = Release|Any CPU
		{8C768290-BDF9-4658-BDB7-17AAF1BB6857}.Release|Any CPU.Build.0 = Release|Any CPU
		{74CB0DED-04D5-4504-B8AB-29DA7B4B55E2}.Debug|Any CPU.ActiveCfg = Debug|Any CPU
		{74CB0DED-04D5-4504-B8AB-29DA7B4B55E2}.Debug|Any CPU.Build.0 = Debug|Any CPU
		{74CB0DED-04D5-4504-B8AB-29DA7B4B55E2}.Release|Any CPU.ActiveCfg = Release|Any CPU
		{74CB0DED-04D5-4504-B8AB-29DA7B4B55E2}.Release|Any CPU.Build.0 = Release|Any CPU
	EndGlobalSection
	GlobalSection(SolutionProperties) = preSolution
		HideSolutionNode = FALSE
	EndGlobalSection
	GlobalSection(ExtensibilityGlobals) = postSolution
		SolutionGuid = {7C70E442-DE67-496D-BDCF-3EC6AC722FEE}
	EndGlobalSection
EndGlobal
