
Microsoft Visual Studio Solution File, Format Version 12.00
# Visual Studio Version 16
VisualStudioVersion = 16.0.28803.352
MinimumVisualStudioVersion = 10.0.40219.1
Project("{FAE04EC0-301F-11D3-BF4B-00C04F79EFBC}") = "Entidades", "Entidades\Entidades.csproj", "{43451AEB-2455-459A-9663-85A4DEDF6A7D}"
EndProject
Project("{FAE04EC0-301F-11D3-BF4B-00C04F79EFBC}") = "VistaConsola", "VistaConsola\VistaConsola.csproj", "{47B91F89-02B0-4480-A22D-AE1E364172E7}"
EndProject
Project("{FAE04EC0-301F-11D3-BF4B-00C04F79EFBC}") = "VistaForm", "VistaForm\VistaForm.csproj", "{1151C57B-D890-4198-97AC-E7569FF4488C}"
EndProject
Global
	GlobalSection(SolutionConfigurationPlatforms) = preSolution
		Debug|Any CPU = Debug|Any CPU
		Release|Any CPU = Release|Any CPU
	EndGlobalSection
	GlobalSection(ProjectConfigurationPlatforms) = postSolution
		{43451AEB-2455-459A-9663-85A4DEDF6A7D}.Debug|Any CPU.ActiveCfg = Debug|Any CPU
		{43451AEB-2455-459A-9663-85A4DEDF6A7D}.Debug|Any CPU.Build.0 = Debug|Any CPU
		{43451AEB-2455-459A-9663-85A4DEDF6A7D}.Release|Any CPU.ActiveCfg = Release|Any CPU
		{43451AEB-2455-459A-9663-85A4DEDF6A7D}.Release|Any CPU.Build.0 = Release|Any CPU
		{47B91F89-02B0-4480-A22D-AE1E364172E7}.Debug|Any CPU.ActiveCfg = Debug|Any CPU
		{47B91F89-02B0-4480-A22D-AE1E364172E7}.Debug|Any CPU.Build.0 = Debug|Any CPU
		{47B91F89-02B0-4480-A22D-AE1E364172E7}.Release|Any CPU.ActiveCfg = Release|Any CPU
		{47B91F89-02B0-4480-A22D-AE1E364172E7}.Release|Any CPU.Build.0 = Release|Any CPU
		{1151C57B-D890-4198-97AC-E7569FF4488C}.Debug|Any CPU.ActiveCfg = Debug|Any CPU
		{1151C57B-D890-4198-97AC-E7569FF4488C}.Debug|Any CPU.Build.0 = Debug|Any CPU
		{1151C57B-D890-4198-97AC-E7569FF4488C}.Release|Any CPU.ActiveCfg = Release|Any CPU
		{1151C57B-D890-4198-97AC-E7569FF4488C}.Release|Any CPU.Build.0 = Release|Any CPU
	EndGlobalSection
	GlobalSection(SolutionProperties) = preSolution
		HideSolutionNode = FALSE
	EndGlobalSection
	GlobalSection(ExtensibilityGlobals) = postSolution
		SolutionGuid = {A01750B1-946D-4C89-BC69-207FA76F0EB6}
	EndGlobalSection
EndGlobal
